
Microsoft Visual Studio Solution File, Format Version 12.00
# Visual Studio Version 17
VisualStudioVersion = 17.11.35312.102
MinimumVisualStudioVersion = 10.0.40219.1
Project("{9A19103F-16F7-4668-BE54-9A1E7A4F7556}") = "ExpenseTrackerApi", "ExpenseTrackerApi.csproj", "{F34596A9-F5C6-4409-9585-C19E45653992}"
EndProject
Global
	GlobalSection(SolutionConfigurationPlatforms) = preSolution
		Debug|Any CPU = Debug|Any CPU
		Release|Any CPU = Release|Any CPU
	EndGlobalSection
	GlobalSection(ProjectConfigurationPlatforms) = postSolution
		{F34596A9-F5C6-4409-9585-C19E45653992}.Debug|Any CPU.ActiveCfg = Debug|Any CPU
		{F34596A9-F5C6-4409-9585-C19E45653992}.Debug|Any CPU.Build.0 = Debug|Any CPU
		{F34596A9-F5C6-4409-9585-C19E45653992}.Release|Any CPU.ActiveCfg = Release|Any CPU
		{F34596A9-F5C6-4409-9585-C19E45653992}.Release|Any CPU.Build.0 = Release|Any CPU
	EndGlobalSection
	GlobalSection(SolutionProperties) = preSolution
		HideSolutionNode = FALSE
	EndGlobalSection
	GlobalSection(ExtensibilityGlobals) = postSolution
		SolutionGuid = {A66D0A63-00E9-4CAB-8B1D-B66B0BB0509A}
	EndGlobalSection
EndGlobal
